
Microsoft Visual Studio Solution File, Format Version 12.00
# Visual Studio 15
VisualStudioVersion = 15.0.26430.13
MinimumVisualStudioVersion = 10.0.40219.1
Project("{FAE04EC0-301F-11D3-BF4B-00C04F79EFBC}") = "01. Order by Age", "01. Order by Age\01. Order by Age.csproj", "{C3BFA0F5-D669-435E-9C32-0D3FA43D9E20}"
EndProject
Project("{FAE04EC0-301F-11D3-BF4B-00C04F79EFBC}") = "02. Vehicle Catalogue", "02. Vehicle Catalogue\02. Vehicle Catalogue.csproj", "{23B414D7-C57E-417B-9ED4-376DD9CD8FAF}"
EndProject
Project("{FAE04EC0-301F-11D3-BF4B-00C04F79EFBC}") = "04. Punctuation Finder", "04. Punctuation Finder\04. Punctuation Finder.csproj", "{27ADF227-EAEB-4EBE-A9FC-72A3E9F757D9}"
EndProject
Project("{FAE04EC0-301F-11D3-BF4B-00C04F79EFBC}") = "05. Write to File", "05. Write to File\05. Write to File.csproj", "{E581D503-5ECF-4C87-A959-14E19B733BCA}"
EndProject
Project("{FAE04EC0-301F-11D3-BF4B-00C04F79EFBC}") = "07. Play Catch", "07. Play Catch\07. Play Catch.csproj", "{B32275BB-1D20-4FDB-B6E1-892C0249AE3D}"
EndProject
Global
	GlobalSection(SolutionConfigurationPlatforms) = preSolution
		Debug|Any CPU = Debug|Any CPU
		Release|Any CPU = Release|Any CPU
	EndGlobalSection
	GlobalSection(ProjectConfigurationPlatforms) = postSolution
		{C3BFA0F5-D669-435E-9C32-0D3FA43D9E20}.Debug|Any CPU.ActiveCfg = Debug|Any CPU
		{C3BFA0F5-D669-435E-9C32-0D3FA43D9E20}.Debug|Any CPU.Build.0 = Debug|Any CPU
		{C3BFA0F5-D669-435E-9C32-0D3FA43D9E20}.Release|Any CPU.ActiveCfg = Release|Any CPU
		{C3BFA0F5-D669-435E-9C32-0D3FA43D9E20}.Release|Any CPU.Build.0 = Release|Any CPU
		{23B414D7-C57E-417B-9ED4-376DD9CD8FAF}.Debug|Any CPU.ActiveCfg = Debug|Any CPU
		{23B414D7-C57E-417B-9ED4-376DD9CD8FAF}.Debug|Any CPU.Build.0 = Debug|Any CPU
		{23B414D7-C57E-417B-9ED4-376DD9CD8FAF}.Release|Any CPU.ActiveCfg = Release|Any CPU
		{23B414D7-C57E-417B-9ED4-376DD9CD8FAF}.Release|Any CPU.Build.0 = Release|Any CPU
		{27ADF227-EAEB-4EBE-A9FC-72A3E9F757D9}.Debug|Any CPU.ActiveCfg = Debug|Any CPU
		{27ADF227-EAEB-4EBE-A9FC-72A3E9F757D9}.Debug|Any CPU.Build.0 = Debug|Any CPU
		{27ADF227-EAEB-4EBE-A9FC-72A3E9F757D9}.Release|Any CPU.ActiveCfg = Release|Any CPU
		{27ADF227-EAEB-4EBE-A9FC-72A3E9F757D9}.Release|Any CPU.Build.0 = Release|Any CPU
		{E581D503-5ECF-4C87-A959-14E19B733BCA}.Debug|Any CPU.ActiveCfg = Debug|Any CPU
		{E581D503-5ECF-4C87-A959-14E19B733BCA}.Debug|Any CPU.Build.0 = Debug|Any CPU
		{E581D503-5ECF-4C87-A959-14E19B733BCA}.Release|Any CPU.ActiveCfg = Release|Any CPU
		{E581D503-5ECF-4C87-A959-14E19B733BCA}.Release|Any CPU.Build.0 = Release|Any CPU
		{B32275BB-1D20-4FDB-B6E1-892C0249AE3D}.Debug|Any CPU.ActiveCfg = Debug|Any CPU
		{B32275BB-1D20-4FDB-B6E1-892C0249AE3D}.Debug|Any CPU.Build.0 = Debug|Any CPU
		{B32275BB-1D20-4FDB-B6E1-892C0249AE3D}.Release|Any CPU.ActiveCfg = Release|Any CPU
		{B32275BB-1D20-4FDB-B6E1-892C0249AE3D}.Release|Any CPU.Build.0 = Release|Any CPU
	EndGlobalSection
	GlobalSection(SolutionProperties) = preSolution
		HideSolutionNode = FALSE
	EndGlobalSection
EndGlobal
