
Microsoft Visual Studio Solution File, Format Version 12.00
# Visual Studio 15
VisualStudioVersion = 15.0.27428.2011
MinimumVisualStudioVersion = 10.0.40219.1
Project("{9A19103F-16F7-4668-BE54-9A1E7A4F7556}") = "01.ListyIterator", "01.ListyIterator\01.ListyIterator.csproj", "{DCE72FE9-AEA2-4DC0-A32B-F62715F1EB9B}"
EndProject
Project("{9A19103F-16F7-4668-BE54-9A1E7A4F7556}") = "02.Stack", "02.Stack\02.Stack.csproj", "{AD4B2054-B7F6-45C5-87AD-866D0C085A03}"
EndProject
Project("{9A19103F-16F7-4668-BE54-9A1E7A4F7556}") = "04.Froggy", "04.Froggy\04.Froggy.csproj", "{A4F24E5E-3DF2-4136-A712-939A99981959}"
EndProject
Project("{9A19103F-16F7-4668-BE54-9A1E7A4F7556}") = "05.ComparingObjects", "05.ComparingObjects\05.ComparingObjects.csproj", "{3357EDDE-54C0-4C54-88C1-0066B434B53B}"
EndProject
Project("{9A19103F-16F7-4668-BE54-9A1E7A4F7556}") = "06.StrategyPattern", "06.StrategyPattern\06.StrategyPattern.csproj", "{9B327F7D-7E34-4D52-ADED-B74DA9D316FE}"
EndProject
Global
	GlobalSection(SolutionConfigurationPlatforms) = preSolution
		Debug|Any CPU = Debug|Any CPU
		Release|Any CPU = Release|Any CPU
	EndGlobalSection
	GlobalSection(ProjectConfigurationPlatforms) = postSolution
		{DCE72FE9-AEA2-4DC0-A32B-F62715F1EB9B}.Debug|Any CPU.ActiveCfg = Debug|Any CPU
		{DCE72FE9-AEA2-4DC0-A32B-F62715F1EB9B}.Debug|Any CPU.Build.0 = Debug|Any CPU
		{DCE72FE9-AEA2-4DC0-A32B-F62715F1EB9B}.Release|Any CPU.ActiveCfg = Release|Any CPU
		{DCE72FE9-AEA2-4DC0-A32B-F62715F1EB9B}.Release|Any CPU.Build.0 = Release|Any CPU
		{AD4B2054-B7F6-45C5-87AD-866D0C085A03}.Debug|Any CPU.ActiveCfg = Debug|Any CPU
		{AD4B2054-B7F6-45C5-87AD-866D0C085A03}.Debug|Any CPU.Build.0 = Debug|Any CPU
		{AD4B2054-B7F6-45C5-87AD-866D0C085A03}.Release|Any CPU.ActiveCfg = Release|Any CPU
		{AD4B2054-B7F6-45C5-87AD-866D0C085A03}.Release|Any CPU.Build.0 = Release|Any CPU
		{A4F24E5E-3DF2-4136-A712-939A99981959}.Debug|Any CPU.ActiveCfg = Debug|Any CPU
		{A4F24E5E-3DF2-4136-A712-939A99981959}.Debug|Any CPU.Build.0 = Debug|Any CPU
		{A4F24E5E-3DF2-4136-A712-939A99981959}.Release|Any CPU.ActiveCfg = Release|Any CPU
		{A4F24E5E-3DF2-4136-A712-939A99981959}.Release|Any CPU.Build.0 = Release|Any CPU
		{3357EDDE-54C0-4C54-88C1-0066B434B53B}.Debug|Any CPU.ActiveCfg = Debug|Any CPU
		{3357EDDE-54C0-4C54-88C1-0066B434B53B}.Debug|Any CPU.Build.0 = Debug|Any CPU
		{3357EDDE-54C0-4C54-88C1-0066B434B53B}.Release|Any CPU.ActiveCfg = Release|Any CPU
		{3357EDDE-54C0-4C54-88C1-0066B434B53B}.Release|Any CPU.Build.0 = Release|Any CPU
		{9B327F7D-7E34-4D52-ADED-B74DA9D316FE}.Debug|Any CPU.ActiveCfg = Debug|Any CPU
		{9B327F7D-7E34-4D52-ADED-B74DA9D316FE}.Debug|Any CPU.Build.0 = Debug|Any CPU
		{9B327F7D-7E34-4D52-ADED-B74DA9D316FE}.Release|Any CPU.ActiveCfg = Release|Any CPU
		{9B327F7D-7E34-4D52-ADED-B74DA9D316FE}.Release|Any CPU.Build.0 = Release|Any CPU
	EndGlobalSection
	GlobalSection(SolutionProperties) = preSolution
		HideSolutionNode = FALSE
	EndGlobalSection
	GlobalSection(ExtensibilityGlobals) = postSolution
		SolutionGuid = {925BAFF9-CDB7-4846-80D3-2E2C6285AF4B}
	EndGlobalSection
EndGlobal
