
Microsoft Visual Studio Solution File, Format Version 12.00
# Visual Studio 15
VisualStudioVersion = 15.0.26430.14
MinimumVisualStudioVersion = 10.0.40219.1
Project("{FAE04EC0-301F-11D3-BF4B-00C04F79EFBC}") = "01. Sino The Walker", "01. Sino The Walker\01. Sino The Walker.csproj", "{C2F19800-B6DF-44BD-B4AD-AE27CF0EFEBD}"
EndProject
Project("{FAE04EC0-301F-11D3-BF4B-00C04F79EFBC}") = "02. SoftUni Karaoke", "02. SoftUni Karaoke\02. SoftUni Karaoke.csproj", "{AB5D3336-93A2-4DE1-A5E3-E698E41FAE5A}"
EndProject
Project("{FAE04EC0-301F-11D3-BF4B-00C04F79EFBC}") = "03. Endurance Rally", "03. Endurance Rally\03. Endurance Rally.csproj", "{60C5659B-6C91-407A-AB82-0403F8E8DEAB}"
EndProject
Project("{FAE04EC0-301F-11D3-BF4B-00C04F79EFBC}") = "04. Winning Ticket", "04. Winning Ticket\04. Winning Ticket.csproj", "{97036660-891C-497D-B299-487257ED5ED5}"
EndProject
Global
	GlobalSection(SolutionConfigurationPlatforms) = preSolution
		Debug|Any CPU = Debug|Any CPU
		Release|Any CPU = Release|Any CPU
	EndGlobalSection
	GlobalSection(ProjectConfigurationPlatforms) = postSolution
		{C2F19800-B6DF-44BD-B4AD-AE27CF0EFEBD}.Debug|Any CPU.ActiveCfg = Debug|Any CPU
		{C2F19800-B6DF-44BD-B4AD-AE27CF0EFEBD}.Debug|Any CPU.Build.0 = Debug|Any CPU
		{C2F19800-B6DF-44BD-B4AD-AE27CF0EFEBD}.Release|Any CPU.ActiveCfg = Release|Any CPU
		{C2F19800-B6DF-44BD-B4AD-AE27CF0EFEBD}.Release|Any CPU.Build.0 = Release|Any CPU
		{AB5D3336-93A2-4DE1-A5E3-E698E41FAE5A}.Debug|Any CPU.ActiveCfg = Debug|Any CPU
		{AB5D3336-93A2-4DE1-A5E3-E698E41FAE5A}.Debug|Any CPU.Build.0 = Debug|Any CPU
		{AB5D3336-93A2-4DE1-A5E3-E698E41FAE5A}.Release|Any CPU.ActiveCfg = Release|Any CPU
		{AB5D3336-93A2-4DE1-A5E3-E698E41FAE5A}.Release|Any CPU.Build.0 = Release|Any CPU
		{60C5659B-6C91-407A-AB82-0403F8E8DEAB}.Debug|Any CPU.ActiveCfg = Debug|Any CPU
		{60C5659B-6C91-407A-AB82-0403F8E8DEAB}.Debug|Any CPU.Build.0 = Debug|Any CPU
		{60C5659B-6C91-407A-AB82-0403F8E8DEAB}.Release|Any CPU.ActiveCfg = Release|Any CPU
		{60C5659B-6C91-407A-AB82-0403F8E8DEAB}.Release|Any CPU.Build.0 = Release|Any CPU
		{97036660-891C-497D-B299-487257ED5ED5}.Debug|Any CPU.ActiveCfg = Debug|Any CPU
		{97036660-891C-497D-B299-487257ED5ED5}.Debug|Any CPU.Build.0 = Debug|Any CPU
		{97036660-891C-497D-B299-487257ED5ED5}.Release|Any CPU.ActiveCfg = Release|Any CPU
		{97036660-891C-497D-B299-487257ED5ED5}.Release|Any CPU.Build.0 = Release|Any CPU
	EndGlobalSection
	GlobalSection(SolutionProperties) = preSolution
		HideSolutionNode = FALSE
	EndGlobalSection
EndGlobal
