
Microsoft Visual Studio Solution File, Format Version 12.00
# Visual Studio 15
VisualStudioVersion = 15.0.27130.2027
MinimumVisualStudioVersion = 10.0.40219.1
Project("{9A19103F-16F7-4668-BE54-9A1E7A4F7556}") = "01.DefineanInterfaceIPerson", "01.DefineanInterfaceIPerson\01.DefineanInterfaceIPerson.csproj", "{6DCE158E-DC9F-45AF-BA11-6AB3BFC630F6}"
EndProject
Project("{9A19103F-16F7-4668-BE54-9A1E7A4F7556}") = "02.MultipleImplementation", "02.MultipleImplementation\02.MultipleImplementation.csproj", "{761E3088-3AFE-4828-8E31-E7CC0B02891A}"
EndProject
Project("{9A19103F-16F7-4668-BE54-9A1E7A4F7556}") = "03.Ferrari", "03.Ferrari\03.Ferrari.csproj", "{A75C6343-7249-4178-875F-23F1A6D293ED}"
EndProject
Project("{9A19103F-16F7-4668-BE54-9A1E7A4F7556}") = "04.Telephony", "04.Telephony\04.Telephony.csproj", "{C9AE1D30-0588-45C5-94CE-0F03B0A674EE}"
EndProject
Project("{9A19103F-16F7-4668-BE54-9A1E7A4F7556}") = "05.BorderControl", "05.BorderControl\05.BorderControl.csproj", "{C6374220-6E5B-4B61-8062-FCF60B7157AB}"
EndProject
Global
	GlobalSection(SolutionConfigurationPlatforms) = preSolution
		Debug|Any CPU = Debug|Any CPU
		Release|Any CPU = Release|Any CPU
	EndGlobalSection
	GlobalSection(ProjectConfigurationPlatforms) = postSolution
		{6DCE158E-DC9F-45AF-BA11-6AB3BFC630F6}.Debug|Any CPU.ActiveCfg = Debug|Any CPU
		{6DCE158E-DC9F-45AF-BA11-6AB3BFC630F6}.Debug|Any CPU.Build.0 = Debug|Any CPU
		{6DCE158E-DC9F-45AF-BA11-6AB3BFC630F6}.Release|Any CPU.ActiveCfg = Release|Any CPU
		{6DCE158E-DC9F-45AF-BA11-6AB3BFC630F6}.Release|Any CPU.Build.0 = Release|Any CPU
		{761E3088-3AFE-4828-8E31-E7CC0B02891A}.Debug|Any CPU.ActiveCfg = Debug|Any CPU
		{761E3088-3AFE-4828-8E31-E7CC0B02891A}.Debug|Any CPU.Build.0 = Debug|Any CPU
		{761E3088-3AFE-4828-8E31-E7CC0B02891A}.Release|Any CPU.ActiveCfg = Release|Any CPU
		{761E3088-3AFE-4828-8E31-E7CC0B02891A}.Release|Any CPU.Build.0 = Release|Any CPU
		{A75C6343-7249-4178-875F-23F1A6D293ED}.Debug|Any CPU.ActiveCfg = Debug|Any CPU
		{A75C6343-7249-4178-875F-23F1A6D293ED}.Debug|Any CPU.Build.0 = Debug|Any CPU
		{A75C6343-7249-4178-875F-23F1A6D293ED}.Release|Any CPU.ActiveCfg = Release|Any CPU
		{A75C6343-7249-4178-875F-23F1A6D293ED}.Release|Any CPU.Build.0 = Release|Any CPU
		{C9AE1D30-0588-45C5-94CE-0F03B0A674EE}.Debug|Any CPU.ActiveCfg = Debug|Any CPU
		{C9AE1D30-0588-45C5-94CE-0F03B0A674EE}.Debug|Any CPU.Build.0 = Debug|Any CPU
		{C9AE1D30-0588-45C5-94CE-0F03B0A674EE}.Release|Any CPU.ActiveCfg = Release|Any CPU
		{C9AE1D30-0588-45C5-94CE-0F03B0A674EE}.Release|Any CPU.Build.0 = Release|Any CPU
		{C6374220-6E5B-4B61-8062-FCF60B7157AB}.Debug|Any CPU.ActiveCfg = Debug|Any CPU
		{C6374220-6E5B-4B61-8062-FCF60B7157AB}.Debug|Any CPU.Build.0 = Debug|Any CPU
		{C6374220-6E5B-4B61-8062-FCF60B7157AB}.Release|Any CPU.ActiveCfg = Release|Any CPU
		{C6374220-6E5B-4B61-8062-FCF60B7157AB}.Release|Any CPU.Build.0 = Release|Any CPU
	EndGlobalSection
	GlobalSection(SolutionProperties) = preSolution
		HideSolutionNode = FALSE
	EndGlobalSection
	GlobalSection(ExtensibilityGlobals) = postSolution
		SolutionGuid = {F2D02239-06E8-4B69-857A-5743E73FF6B7}
	EndGlobalSection
EndGlobal
