
Microsoft Visual Studio Solution File, Format Version 12.00
# Visual Studio 15
VisualStudioVersion = 15.0.26430.14
MinimumVisualStudioVersion = 10.0.40219.1
Project("{FAE04EC0-301F-11D3-BF4B-00C04F79EFBC}") = "01. Softuni Coffee Orders", "01. Softuni Coffee Orders\01. Softuni Coffee Orders.csproj", "{9647C29F-5471-40BE-8AEF-FE08EF869C41}"
EndProject
Project("{FAE04EC0-301F-11D3-BF4B-00C04F79EFBC}") = "02. Command Interpreter", "02. Command Interpreter\02. Command Interpreter.csproj", "{D7A88BDB-99DD-4F2E-9675-3F837FF9918F}"
EndProject
Project("{FAE04EC0-301F-11D3-BF4B-00C04F79EFBC}") = "03. Rage Quit", "03. Rage Quit\03. Rage Quit.csproj", "{6BA41A97-E1D1-43BF-96F0-A7F3BEAB963A}"
EndProject
Project("{FAE04EC0-301F-11D3-BF4B-00C04F79EFBC}") = "04. Files", "04. Files\04. Files.csproj", "{0C0ADACE-9B29-48D1-B100-B9065C6D1AD9}"
EndProject
Global
	GlobalSection(SolutionConfigurationPlatforms) = preSolution
		Debug|Any CPU = Debug|Any CPU
		Release|Any CPU = Release|Any CPU
	EndGlobalSection
	GlobalSection(ProjectConfigurationPlatforms) = postSolution
		{9647C29F-5471-40BE-8AEF-FE08EF869C41}.Debug|Any CPU.ActiveCfg = Debug|Any CPU
		{9647C29F-5471-40BE-8AEF-FE08EF869C41}.Debug|Any CPU.Build.0 = Debug|Any CPU
		{9647C29F-5471-40BE-8AEF-FE08EF869C41}.Release|Any CPU.ActiveCfg = Release|Any CPU
		{9647C29F-5471-40BE-8AEF-FE08EF869C41}.Release|Any CPU.Build.0 = Release|Any CPU
		{D7A88BDB-99DD-4F2E-9675-3F837FF9918F}.Debug|Any CPU.ActiveCfg = Debug|Any CPU
		{D7A88BDB-99DD-4F2E-9675-3F837FF9918F}.Debug|Any CPU.Build.0 = Debug|Any CPU
		{D7A88BDB-99DD-4F2E-9675-3F837FF9918F}.Release|Any CPU.ActiveCfg = Release|Any CPU
		{D7A88BDB-99DD-4F2E-9675-3F837FF9918F}.Release|Any CPU.Build.0 = Release|Any CPU
		{6BA41A97-E1D1-43BF-96F0-A7F3BEAB963A}.Debug|Any CPU.ActiveCfg = Debug|Any CPU
		{6BA41A97-E1D1-43BF-96F0-A7F3BEAB963A}.Debug|Any CPU.Build.0 = Debug|Any CPU
		{6BA41A97-E1D1-43BF-96F0-A7F3BEAB963A}.Release|Any CPU.ActiveCfg = Release|Any CPU
		{6BA41A97-E1D1-43BF-96F0-A7F3BEAB963A}.Release|Any CPU.Build.0 = Release|Any CPU
		{0C0ADACE-9B29-48D1-B100-B9065C6D1AD9}.Debug|Any CPU.ActiveCfg = Debug|Any CPU
		{0C0ADACE-9B29-48D1-B100-B9065C6D1AD9}.Debug|Any CPU.Build.0 = Debug|Any CPU
		{0C0ADACE-9B29-48D1-B100-B9065C6D1AD9}.Release|Any CPU.ActiveCfg = Release|Any CPU
		{0C0ADACE-9B29-48D1-B100-B9065C6D1AD9}.Release|Any CPU.Build.0 = Release|Any CPU
	EndGlobalSection
	GlobalSection(SolutionProperties) = preSolution
		HideSolutionNode = FALSE
	EndGlobalSection
EndGlobal
