
Microsoft Visual Studio Solution File, Format Version 12.00
# Visual Studio 15
VisualStudioVersion = 15.0.27428.2011
MinimumVisualStudioVersion = 10.0.40219.1
Project("{9A19103F-16F7-4668-BE54-9A1E7A4F7556}") = "CustomList", "CustomList\CustomList.csproj", "{D49412A1-6199-43AB-AB25-DA6AD2D2C369}"
EndProject
Global
	GlobalSection(SolutionConfigurationPlatforms) = preSolution
		Debug|Any CPU = Debug|Any CPU
		Release|Any CPU = Release|Any CPU
	EndGlobalSection
	GlobalSection(ProjectConfigurationPlatforms) = postSolution
		{D49412A1-6199-43AB-AB25-DA6AD2D2C369}.Debug|Any CPU.ActiveCfg = Debug|Any CPU
		{D49412A1-6199-43AB-AB25-DA6AD2D2C369}.Debug|Any CPU.Build.0 = Debug|Any CPU
		{D49412A1-6199-43AB-AB25-DA6AD2D2C369}.Release|Any CPU.ActiveCfg = Release|Any CPU
		{D49412A1-6199-43AB-AB25-DA6AD2D2C369}.Release|Any CPU.Build.0 = Release|Any CPU
	EndGlobalSection
	GlobalSection(SolutionProperties) = preSolution
		HideSolutionNode = FALSE
	EndGlobalSection
	GlobalSection(ExtensibilityGlobals) = postSolution
		SolutionGuid = {C9AE57F7-75AB-4382-BC45-507DBB8FE08F}
	EndGlobalSection
EndGlobal
