
Microsoft Visual Studio Solution File, Format Version 12.00
# Visual Studio 15
VisualStudioVersion = 15.0.27004.2006
MinimumVisualStudioVersion = 10.0.40219.1
Project("{FAE04EC0-301F-11D3-BF4B-00C04F79EFBC}") = "P01_BillsPaymentSystem.App", "P01_BillsPaymentSystem.App\P01_BillsPaymentSystem.App.csproj", "{B64D0235-B3F6-405C-818C-57339B382DC2}"
EndProject
Project("{FAE04EC0-301F-11D3-BF4B-00C04F79EFBC}") = "P01_BillsPaymentSystem.Data", "P01_BillsPaymentSystem.Data\P01_BillsPaymentSystem.Data.csproj", "{225FA071-33C6-44EC-B571-85D2B7B8AE22}"
EndProject
Project("{FAE04EC0-301F-11D3-BF4B-00C04F79EFBC}") = "P01_BillsPaymentSystem.Models", "P01_BillsPaymentSystem.Models\P01_BillsPaymentSystem.Models.csproj", "{CA3BB6F2-DC1B-4580-8382-F9F5AF2EE87A}"
EndProject
Global
	GlobalSection(SolutionConfigurationPlatforms) = preSolution
		Debug|Any CPU = Debug|Any CPU
		Release|Any CPU = Release|Any CPU
	EndGlobalSection
	GlobalSection(ProjectConfigurationPlatforms) = postSolution
		{B64D0235-B3F6-405C-818C-57339B382DC2}.Debug|Any CPU.ActiveCfg = Debug|Any CPU
		{B64D0235-B3F6-405C-818C-57339B382DC2}.Debug|Any CPU.Build.0 = Debug|Any CPU
		{B64D0235-B3F6-405C-818C-57339B382DC2}.Release|Any CPU.ActiveCfg = Release|Any CPU
		{B64D0235-B3F6-405C-818C-57339B382DC2}.Release|Any CPU.Build.0 = Release|Any CPU
		{225FA071-33C6-44EC-B571-85D2B7B8AE22}.Debug|Any CPU.ActiveCfg = Debug|Any CPU
		{225FA071-33C6-44EC-B571-85D2B7B8AE22}.Debug|Any CPU.Build.0 = Debug|Any CPU
		{225FA071-33C6-44EC-B571-85D2B7B8AE22}.Release|Any CPU.ActiveCfg = Release|Any CPU
		{225FA071-33C6-44EC-B571-85D2B7B8AE22}.Release|Any CPU.Build.0 = Release|Any CPU
		{CA3BB6F2-DC1B-4580-8382-F9F5AF2EE87A}.Debug|Any CPU.ActiveCfg = Debug|Any CPU
		{CA3BB6F2-DC1B-4580-8382-F9F5AF2EE87A}.Debug|Any CPU.Build.0 = Debug|Any CPU
		{CA3BB6F2-DC1B-4580-8382-F9F5AF2EE87A}.Release|Any CPU.ActiveCfg = Release|Any CPU
		{CA3BB6F2-DC1B-4580-8382-F9F5AF2EE87A}.Release|Any CPU.Build.0 = Release|Any CPU
	EndGlobalSection
	GlobalSection(SolutionProperties) = preSolution
		HideSolutionNode = FALSE
	EndGlobalSection
	GlobalSection(ExtensibilityGlobals) = postSolution
		SolutionGuid = {1B63F8AD-080A-4E42-B3A5-50A18F20B09C}
	EndGlobalSection
EndGlobal
