
Microsoft Visual Studio Solution File, Format Version 12.00
# Visual Studio 15
VisualStudioVersion = 15.0.27130.2027
MinimumVisualStudioVersion = 10.0.40219.1
Project("{9A19103F-16F7-4668-BE54-9A1E7A4F7556}") = "01. Action Print", "01. Action Print\01. Action Print.csproj", "{C49086EB-1A2D-417D-850C-4274EE345711}"
EndProject
Project("{9A19103F-16F7-4668-BE54-9A1E7A4F7556}") = "02. Knights of Honor", "02. Knights of Honor\02. Knights of Honor.csproj", "{AF50BCB6-93EE-4078-B8AB-28A42B625FE5}"
EndProject
Project("{9A19103F-16F7-4668-BE54-9A1E7A4F7556}") = "03. Custom Min Function", "03. Custom Min Function\03. Custom Min Function.csproj", "{940BBAEB-12E6-48CD-9460-4729E1B5DB53}"
EndProject
Project("{9A19103F-16F7-4668-BE54-9A1E7A4F7556}") = "05. Applied Arithmetics", "05. Applied Arithmetics\05. Applied Arithmetics.csproj", "{9DCE94DD-6199-455C-A8BB-51B07209F610}"
EndProject
Project("{9A19103F-16F7-4668-BE54-9A1E7A4F7556}") = "08. Custom Comparator", "08. Custom Comparator\08. Custom Comparator.csproj", "{546DDFF1-8D52-4949-AA83-CB4550C29AB8}"
EndProject
Project("{9A19103F-16F7-4668-BE54-9A1E7A4F7556}") = "09. List Of Predicates", "09. List Of Predicates\09. List Of Predicates.csproj", "{EA29F86A-2738-4859-8800-3F09FC4EA22C}"
EndProject
Global
	GlobalSection(SolutionConfigurationPlatforms) = preSolution
		Debug|Any CPU = Debug|Any CPU
		Release|Any CPU = Release|Any CPU
	EndGlobalSection
	GlobalSection(ProjectConfigurationPlatforms) = postSolution
		{C49086EB-1A2D-417D-850C-4274EE345711}.Debug|Any CPU.ActiveCfg = Debug|Any CPU
		{C49086EB-1A2D-417D-850C-4274EE345711}.Debug|Any CPU.Build.0 = Debug|Any CPU
		{C49086EB-1A2D-417D-850C-4274EE345711}.Release|Any CPU.ActiveCfg = Release|Any CPU
		{C49086EB-1A2D-417D-850C-4274EE345711}.Release|Any CPU.Build.0 = Release|Any CPU
		{AF50BCB6-93EE-4078-B8AB-28A42B625FE5}.Debug|Any CPU.ActiveCfg = Debug|Any CPU
		{AF50BCB6-93EE-4078-B8AB-28A42B625FE5}.Debug|Any CPU.Build.0 = Debug|Any CPU
		{AF50BCB6-93EE-4078-B8AB-28A42B625FE5}.Release|Any CPU.ActiveCfg = Release|Any CPU
		{AF50BCB6-93EE-4078-B8AB-28A42B625FE5}.Release|Any CPU.Build.0 = Release|Any CPU
		{940BBAEB-12E6-48CD-9460-4729E1B5DB53}.Debug|Any CPU.ActiveCfg = Debug|Any CPU
		{940BBAEB-12E6-48CD-9460-4729E1B5DB53}.Debug|Any CPU.Build.0 = Debug|Any CPU
		{940BBAEB-12E6-48CD-9460-4729E1B5DB53}.Release|Any CPU.ActiveCfg = Release|Any CPU
		{940BBAEB-12E6-48CD-9460-4729E1B5DB53}.Release|Any CPU.Build.0 = Release|Any CPU
		{9DCE94DD-6199-455C-A8BB-51B07209F610}.Debug|Any CPU.ActiveCfg = Debug|Any CPU
		{9DCE94DD-6199-455C-A8BB-51B07209F610}.Debug|Any CPU.Build.0 = Debug|Any CPU
		{9DCE94DD-6199-455C-A8BB-51B07209F610}.Release|Any CPU.ActiveCfg = Release|Any CPU
		{9DCE94DD-6199-455C-A8BB-51B07209F610}.Release|Any CPU.Build.0 = Release|Any CPU
		{546DDFF1-8D52-4949-AA83-CB4550C29AB8}.Debug|Any CPU.ActiveCfg = Debug|Any CPU
		{546DDFF1-8D52-4949-AA83-CB4550C29AB8}.Debug|Any CPU.Build.0 = Debug|Any CPU
		{546DDFF1-8D52-4949-AA83-CB4550C29AB8}.Release|Any CPU.ActiveCfg = Release|Any CPU
		{546DDFF1-8D52-4949-AA83-CB4550C29AB8}.Release|Any CPU.Build.0 = Release|Any CPU
		{EA29F86A-2738-4859-8800-3F09FC4EA22C}.Debug|Any CPU.ActiveCfg = Debug|Any CPU
		{EA29F86A-2738-4859-8800-3F09FC4EA22C}.Debug|Any CPU.Build.0 = Debug|Any CPU
		{EA29F86A-2738-4859-8800-3F09FC4EA22C}.Release|Any CPU.ActiveCfg = Release|Any CPU
		{EA29F86A-2738-4859-8800-3F09FC4EA22C}.Release|Any CPU.Build.0 = Release|Any CPU
	EndGlobalSection
	GlobalSection(SolutionProperties) = preSolution
		HideSolutionNode = FALSE
	EndGlobalSection
	GlobalSection(ExtensibilityGlobals) = postSolution
		SolutionGuid = {33D84563-7A83-49BA-A1F2-12CF18D886CB}
	EndGlobalSection
EndGlobal
