
Microsoft Visual Studio Solution File, Format Version 12.00
# Visual Studio 15
VisualStudioVersion = 15.0.27004.2006
MinimumVisualStudioVersion = 10.0.40219.1
Project("{FAE04EC0-301F-11D3-BF4B-00C04F79EFBC}") = "01. Oldest Family Member", "01. Oldest Family Member\01. Oldest Family Member.csproj", "{E51774C1-6F2D-46F8-90D4-3E1CC19B5FA0}"
EndProject
Project("{FAE04EC0-301F-11D3-BF4B-00C04F79EFBC}") = "02. Date Modifier", "02. Date Modifier\02. Date Modifier.csproj", "{C0F74B94-2B14-4C22-BE42-582BB82CD3D6}"
EndProject
Project("{FAE04EC0-301F-11D3-BF4B-00C04F79EFBC}") = "ConsoleApp1", "ConsoleApp1\ConsoleApp1.csproj", "{5EE44B95-96C9-4011-927B-16B43F7EE8BD}"
EndProject
Global
	GlobalSection(SolutionConfigurationPlatforms) = preSolution
		Debug|Any CPU = Debug|Any CPU
		Release|Any CPU = Release|Any CPU
	EndGlobalSection
	GlobalSection(ProjectConfigurationPlatforms) = postSolution
		{E51774C1-6F2D-46F8-90D4-3E1CC19B5FA0}.Debug|Any CPU.ActiveCfg = Debug|Any CPU
		{E51774C1-6F2D-46F8-90D4-3E1CC19B5FA0}.Debug|Any CPU.Build.0 = Debug|Any CPU
		{E51774C1-6F2D-46F8-90D4-3E1CC19B5FA0}.Release|Any CPU.ActiveCfg = Release|Any CPU
		{E51774C1-6F2D-46F8-90D4-3E1CC19B5FA0}.Release|Any CPU.Build.0 = Release|Any CPU
		{C0F74B94-2B14-4C22-BE42-582BB82CD3D6}.Debug|Any CPU.ActiveCfg = Debug|Any CPU
		{C0F74B94-2B14-4C22-BE42-582BB82CD3D6}.Debug|Any CPU.Build.0 = Debug|Any CPU
		{C0F74B94-2B14-4C22-BE42-582BB82CD3D6}.Release|Any CPU.ActiveCfg = Release|Any CPU
		{C0F74B94-2B14-4C22-BE42-582BB82CD3D6}.Release|Any CPU.Build.0 = Release|Any CPU
		{5EE44B95-96C9-4011-927B-16B43F7EE8BD}.Debug|Any CPU.ActiveCfg = Debug|Any CPU
		{5EE44B95-96C9-4011-927B-16B43F7EE8BD}.Debug|Any CPU.Build.0 = Debug|Any CPU
		{5EE44B95-96C9-4011-927B-16B43F7EE8BD}.Release|Any CPU.ActiveCfg = Release|Any CPU
		{5EE44B95-96C9-4011-927B-16B43F7EE8BD}.Release|Any CPU.Build.0 = Release|Any CPU
	EndGlobalSection
	GlobalSection(SolutionProperties) = preSolution
		HideSolutionNode = FALSE
	EndGlobalSection
	GlobalSection(ExtensibilityGlobals) = postSolution
		SolutionGuid = {A1C9E891-A41B-4F0B-9916-7FDDB5312927}
	EndGlobalSection
EndGlobal
